
Microsoft Visual Studio Solution File, Format Version 12.00
# Visual Studio 15
VisualStudioVersion = 15.0.28307.1321
MinimumVisualStudioVersion = 10.0.40219.1
Project("{FAE04EC0-301F-11D3-BF4B-00C04F79EFBC}") = "controlApp", "controlApp\controlApp.csproj", "{CE3955C2-2280-403F-BB11-26FC40DDF247}"
EndProject
Global
	GlobalSection(SolutionConfigurationPlatforms) = preSolution
		Debug|Any CPU = Debug|Any CPU
		Release|Any CPU = Release|Any CPU
	EndGlobalSection
	GlobalSection(ProjectConfigurationPlatforms) = postSolution
		{CE3955C2-2280-403F-BB11-26FC40DDF247}.Debug|Any CPU.ActiveCfg = Debug|Any CPU
		{CE3955C2-2280-403F-BB11-26FC40DDF247}.Debug|Any CPU.Build.0 = Debug|Any CPU
		{CE3955C2-2280-403F-BB11-26FC40DDF247}.Release|Any CPU.ActiveCfg = Release|Any CPU
		{CE3955C2-2280-403F-BB11-26FC40DDF247}.Release|Any CPU.Build.0 = Release|Any CPU
	EndGlobalSection
	GlobalSection(SolutionProperties) = preSolution
		HideSolutionNode = FALSE
	EndGlobalSection
	GlobalSection(ExtensibilityGlobals) = postSolution
		SolutionGuid = {3DD976FC-1228-45D7-82CD-740336215864}
	EndGlobalSection
EndGlobal
